
Microsoft Visual Studio Solution File, Format Version 12.00
# Visual Studio Version 17
VisualStudioVersion = 17.4.33122.133
MinimumVisualStudioVersion = 10.0.40219.1
Project("{9A19103F-16F7-4668-BE54-9A1E7A4F7556}") = "Parth-AWSServerlessApp", "Parth-AWSServerlessApp\Parth-AWSServerlessApp.csproj", "{6A2BF4A7-E91F-4EDC-B916-C74EF84FB465}"
EndProject
Global
	GlobalSection(SolutionConfigurationPlatforms) = preSolution
		Debug|Any CPU = Debug|Any CPU
		Release|Any CPU = Release|Any CPU
	EndGlobalSection
	GlobalSection(ProjectConfigurationPlatforms) = postSolution
		{6A2BF4A7-E91F-4EDC-B916-C74EF84FB465}.Debug|Any CPU.ActiveCfg = Debug|Any CPU
		{6A2BF4A7-E91F-4EDC-B916-C74EF84FB465}.Debug|Any CPU.Build.0 = Debug|Any CPU
		{6A2BF4A7-E91F-4EDC-B916-C74EF84FB465}.Release|Any CPU.ActiveCfg = Release|Any CPU
		{6A2BF4A7-E91F-4EDC-B916-C74EF84FB465}.Release|Any CPU.Build.0 = Release|Any CPU
	EndGlobalSection
	GlobalSection(SolutionProperties) = preSolution
		HideSolutionNode = FALSE
	EndGlobalSection
	GlobalSection(ExtensibilityGlobals) = postSolution
		SolutionGuid = {D77722D6-224C-4409-A122-6B73E2237DD5}
	EndGlobalSection
EndGlobal
